
Microsoft Visual Studio Solution File, Format Version 12.00
# Visual Studio Version 16
VisualStudioVersion = 16.0.31911.196
MinimumVisualStudioVersion = 10.0.40219.1
Project("{FAE04EC0-301F-11D3-BF4B-00C04F79EFBC}") = "Exercicio3 Funcões", "Exercicio3 Funcões\Exercicio3 Funcões.csproj", "{5723DFAC-22C9-4ADA-AE44-9E4FE0CB78B3}"
EndProject
Global
	GlobalSection(SolutionConfigurationPlatforms) = preSolution
		Debug|Any CPU = Debug|Any CPU
		Release|Any CPU = Release|Any CPU
	EndGlobalSection
	GlobalSection(ProjectConfigurationPlatforms) = postSolution
		{5723DFAC-22C9-4ADA-AE44-9E4FE0CB78B3}.Debug|Any CPU.ActiveCfg = Debug|Any CPU
		{5723DFAC-22C9-4ADA-AE44-9E4FE0CB78B3}.Debug|Any CPU.Build.0 = Debug|Any CPU
		{5723DFAC-22C9-4ADA-AE44-9E4FE0CB78B3}.Release|Any CPU.ActiveCfg = Release|Any CPU
		{5723DFAC-22C9-4ADA-AE44-9E4FE0CB78B3}.Release|Any CPU.Build.0 = Release|Any CPU
	EndGlobalSection
	GlobalSection(SolutionProperties) = preSolution
		HideSolutionNode = FALSE
	EndGlobalSection
	GlobalSection(ExtensibilityGlobals) = postSolution
		SolutionGuid = {0A7F85DD-C324-4A18-A9E8-DD2DF37AF4E8}
	EndGlobalSection
EndGlobal
