
Microsoft Visual Studio Solution File, Format Version 12.00
# Visual Studio Version 16
VisualStudioVersion = 16.0.31911.196
MinimumVisualStudioVersion = 10.0.40219.1
Project("{FAE04EC0-301F-11D3-BF4B-00C04F79EFBC}") = "Ecercicio2 Functions", "Ecercicio2 Functions\Ecercicio2 Functions.csproj", "{27DE8CDF-8FDC-49E5-81D3-72670DDDB741}"
EndProject
Global
	GlobalSection(SolutionConfigurationPlatforms) = preSolution
		Debug|Any CPU = Debug|Any CPU
		Release|Any CPU = Release|Any CPU
	EndGlobalSection
	GlobalSection(ProjectConfigurationPlatforms) = postSolution
		{27DE8CDF-8FDC-49E5-81D3-72670DDDB741}.Debug|Any CPU.ActiveCfg = Debug|Any CPU
		{27DE8CDF-8FDC-49E5-81D3-72670DDDB741}.Debug|Any CPU.Build.0 = Debug|Any CPU
		{27DE8CDF-8FDC-49E5-81D3-72670DDDB741}.Release|Any CPU.ActiveCfg = Release|Any CPU
		{27DE8CDF-8FDC-49E5-81D3-72670DDDB741}.Release|Any CPU.Build.0 = Release|Any CPU
	EndGlobalSection
	GlobalSection(SolutionProperties) = preSolution
		HideSolutionNode = FALSE
	EndGlobalSection
	GlobalSection(ExtensibilityGlobals) = postSolution
		SolutionGuid = {B1634680-0A0C-43E1-A9A6-433B8E538C2A}
	EndGlobalSection
EndGlobal
