
Microsoft Visual Studio Solution File, Format Version 12.00
# Visual Studio Version 16
VisualStudioVersion = 16.0.31911.196
MinimumVisualStudioVersion = 10.0.40219.1
Project("{FAE04EC0-301F-11D3-BF4B-00C04F79EFBC}") = "Exercicio_1_Funções", "Funções\Exercicio_1_Funções.csproj", "{32444F56-19E0-4DE0-971B-7F6CB8F92515}"
EndProject
Global
	GlobalSection(SolutionConfigurationPlatforms) = preSolution
		Debug|Any CPU = Debug|Any CPU
		Release|Any CPU = Release|Any CPU
	EndGlobalSection
	GlobalSection(ProjectConfigurationPlatforms) = postSolution
		{32444F56-19E0-4DE0-971B-7F6CB8F92515}.Debug|Any CPU.ActiveCfg = Debug|Any CPU
		{32444F56-19E0-4DE0-971B-7F6CB8F92515}.Debug|Any CPU.Build.0 = Debug|Any CPU
		{32444F56-19E0-4DE0-971B-7F6CB8F92515}.Release|Any CPU.ActiveCfg = Release|Any CPU
		{32444F56-19E0-4DE0-971B-7F6CB8F92515}.Release|Any CPU.Build.0 = Release|Any CPU
	EndGlobalSection
	GlobalSection(SolutionProperties) = preSolution
		HideSolutionNode = FALSE
	EndGlobalSection
	GlobalSection(ExtensibilityGlobals) = postSolution
		SolutionGuid = {F62846EA-8B3D-4BC2-80B2-F58A621F6E37}
	EndGlobalSection
EndGlobal
