
Microsoft Visual Studio Solution File, Format Version 12.00
# Visual Studio Version 16
VisualStudioVersion = 16.0.31729.503
MinimumVisualStudioVersion = 10.0.40219.1
Project("{FAE04EC0-301F-11D3-BF4B-00C04F79EFBC}") = "Exercicio 2 Estrutura Repetição", "Exercicio 2 Estrutura Repetição\Exercicio 2 Estrutura Repetição.csproj", "{53D2A08A-576D-43CD-B918-5123720D8D0D}"
EndProject
Global
	GlobalSection(SolutionConfigurationPlatforms) = preSolution
		Debug|Any CPU = Debug|Any CPU
		Release|Any CPU = Release|Any CPU
	EndGlobalSection
	GlobalSection(ProjectConfigurationPlatforms) = postSolution
		{53D2A08A-576D-43CD-B918-5123720D8D0D}.Debug|Any CPU.ActiveCfg = Debug|Any CPU
		{53D2A08A-576D-43CD-B918-5123720D8D0D}.Debug|Any CPU.Build.0 = Debug|Any CPU
		{53D2A08A-576D-43CD-B918-5123720D8D0D}.Release|Any CPU.ActiveCfg = Release|Any CPU
		{53D2A08A-576D-43CD-B918-5123720D8D0D}.Release|Any CPU.Build.0 = Release|Any CPU
	EndGlobalSection
	GlobalSection(SolutionProperties) = preSolution
		HideSolutionNode = FALSE
	EndGlobalSection
	GlobalSection(ExtensibilityGlobals) = postSolution
		SolutionGuid = {343A4047-B536-4B46-8A10-B724CB88CB8C}
	EndGlobalSection
EndGlobal
